[[package]]
category = "main"
description = "A small Python module for determining appropriate platform-specific dirs, e.g. a \"user data dir\"."
name = "appdirs"
optional = false
python-versions = "*"
version = "1.4.3"

[[package]]
category = "main"
description = "Classes Without Boilerplate"
name = "attrs"
optional = false
python-versions = ">=2.7, !=3.0.*, !=3.1.*, !=3.2.*, !=3.3.*"
version = "19.3.0"

[[package]]
category = "main"
description = "AWS SAM Translator is a library that transform SAM templates into AWS CloudFormation templates"
name = "aws-sam-translator"
optional = false
python-versions = "*"
version = "1.22.0"

[package.dependencies]
boto3 = ">=1.5,<2.0"
jsonschema = ">=3.0,<4.0"
six = ">=1.11,<2.0"

[[package]]
category = "main"
description = "The AWS SDK for Python"
name = "boto3"
optional = false
python-versions = "*"
version = "1.12.46"

[package.dependencies]
botocore = ">=1.15.46,<1.16.0"
jmespath = ">=0.7.1,<1.0.0"
s3transfer = ">=0.3.0,<0.4.0"

[[package]]
category = "main"
description = "Low-level, data-driven core of boto 3."
name = "botocore"
optional = false
python-versions = "*"
version = "1.15.46"

[package.dependencies]
docutils = ">=0.10,<0.16"
jmespath = ">=0.7.1,<1.0.0"
python-dateutil = ">=2.1,<3.0.0"

[package.dependencies.urllib3]
python = "<3.4.0 || >=3.5.0"
version = ">=1.20,<1.26"

[[package]]
category = "main"
description = "Validate configuration and produce human readable error messages."
name = "cfgv"
optional = false
python-versions = ">=3.6.1"
version = "3.1.0"

[[package]]
category = "main"
description = "Checks CloudFormation templates for practices and behaviour that could potentially be improved"
name = "cfn-lint"
optional = false
python-versions = ">=2.7, !=3.0.*, !=3.1.*, !=3.2.*, !=3.3.*"
version = "0.29.6"

[package.dependencies]
aws-sam-translator = ">=1.21.0"
jsonschema = ">=3.0,<4.0"
six = ">=1.11,<2.0"

[package.dependencies.jsonpatch]
python = "<3.4.0 || >=3.5.0"
version = "*"

[package.dependencies.networkx]
python = ">=3.5"
version = ">=2.4,<3.0"

[package.dependencies.pyyaml]
python = "<3.4.0 || >=3.5.0"
version = "*"

[[package]]
category = "main"
description = "Decorators for Humans"
marker = "python_version >= \"3.5\""
name = "decorator"
optional = false
python-versions = ">=2.6, !=3.0.*, !=3.1.*"
version = "4.4.2"

[[package]]
category = "main"
description = "Distribution utilities"
name = "distlib"
optional = false
python-versions = "*"
version = "0.3.0"

[[package]]
category = "main"
description = "Docutils -- Python Documentation Utilities"
name = "docutils"
optional = false
python-versions = ">=2.6, !=3.0.*, !=3.1.*, !=3.2.*"
version = "0.15.2"

[[package]]
category = "main"
description = "A platform independent file lock."
name = "filelock"
optional = false
python-versions = "*"
version = "3.0.12"

[[package]]
category = "main"
description = "File identification library for Python"
name = "identify"
optional = false
python-versions = "!=3.0.*,!=3.1.*,!=3.2.*,!=3.3.*,>=2.7"
version = "1.4.15"

[[package]]
category = "main"
description = "Read metadata from Python packages"
marker = "python_version < \"3.8\""
name = "importlib-metadata"
optional = false
python-versions = "!=3.0.*,!=3.1.*,!=3.2.*,!=3.3.*,!=3.4.*,>=2.7"
version = "1.6.0"

[package.dependencies]
zipp = ">=0.5"

[[package]]
category = "main"
description = "JSON Matching Expressions"
name = "jmespath"
optional = false
python-versions = "*"
version = "0.9.5"

[[package]]
category = "main"
description = " Apply JSON-Patches (RFC 6902) "
marker = "python_version != \"3.4\""
name = "jsonpatch"
optional = false
python-versions = ">=2.7, !=3.0.*, !=3.1.*, !=3.2.*, !=3.3.*, !=3.4.*"
version = "1.25"

[package.dependencies]
jsonpointer = ">=1.9"

[[package]]
category = "main"
description = "Identify specific nodes in a JSON document (RFC 6901)"
marker = "python_version != \"3.4\""
name = "jsonpointer"
optional = false
python-versions = ">=2.7, !=3.0.*, !=3.1.*, !=3.2.*, !=3.3.*"
version = "2.0"

[[package]]
category = "main"
description = "An implementation of JSON Schema validation for Python"
name = "jsonschema"
optional = false
python-versions = "*"
version = "3.2.0"

[package.dependencies]
attrs = ">=17.4.0"
pyrsistent = ">=0.14.0"
setuptools = "*"
six = ">=1.11.0"

[package.dependencies.importlib-metadata]
python = "<3.8"
version = "*"

[[package]]
category = "main"
description = "Python package for creating and manipulating graphs and networks"
marker = "python_version >= \"3.5\""
name = "networkx"
optional = false
python-versions = ">=3.5"
version = "2.4"

[package.dependencies]
decorator = ">=4.3.0"

[[package]]
category = "main"
description = "Node.js virtual environment builder"
name = "nodeenv"
optional = false
python-versions = "*"
version = "1.3.5"

[[package]]
category = "main"
description = "Utility library for gitignore style pattern matching of file paths."
name = "pathspec"
optional = false
python-versions = ">=2.7, !=3.0.*, !=3.1.*, !=3.2.*, !=3.3.*, !=3.4.*"
version = "0.8.0"

[[package]]
category = "main"
description = "A framework for managing and maintaining multi-language pre-commit hooks."
name = "pre-commit"
optional = false
python-versions = ">=3.6.1"
version = "2.3.0"

[package.dependencies]
cfgv = ">=2.0.0"
identify = ">=1.0.0"
nodeenv = ">=0.11.1"
pyyaml = ">=5.1"
toml = "*"
virtualenv = ">=15.2"

[package.dependencies.importlib-metadata]
python = "<3.8"
version = "*"

[[package]]
category = "main"
description = "Persistent/Functional/Immutable data structures"
name = "pyrsistent"
optional = false
python-versions = "*"
version = "0.16.0"

[package.dependencies]
six = "*"

[[package]]
category = "main"
description = "Extensions to the standard Python datetime module"
name = "python-dateutil"
optional = false
python-versions = "!=3.0.*,!=3.1.*,!=3.2.*,>=2.7"
version = "2.8.1"

[package.dependencies]
six = ">=1.5"

[[package]]
category = "main"
description = "YAML parser and emitter for Python"
name = "pyyaml"
optional = false
python-versions = ">=2.7, !=3.0.*, !=3.1.*, !=3.2.*, !=3.3.*, !=3.4.*"
version = "5.3.1"

[[package]]
category = "main"
description = "An Amazon S3 Transfer Manager"
name = "s3transfer"
optional = false
python-versions = "*"
version = "0.3.3"

[package.dependencies]
botocore = ">=1.12.36,<2.0a.0"

[[package]]
category = "main"
description = "Python 2 and 3 compatibility utilities"
name = "six"
optional = false
python-versions = ">=2.7, !=3.0.*, !=3.1.*, !=3.2.*"
version = "1.14.0"

[[package]]
category = "main"
description = "Python Library for Tom's Obvious, Minimal Language"
name = "toml"
optional = false
python-versions = "*"
version = "0.10.0"

[[package]]
category = "main"
description = "HTTP library with thread-safe connection pooling, file post, and more."
marker = "python_version != \"3.4\""
name = "urllib3"
optional = false
python-versions = ">=2.7, !=3.0.*, !=3.1.*, !=3.2.*, !=3.3.*, !=3.4.*, <4"
version = "1.25.9"

[[package]]
category = "main"
description = "Virtual Python Environment builder"
name = "virtualenv"
optional = false
python-versions = "!=3.0.*,!=3.1.*,!=3.2.*,!=3.3.*,>=2.7"
version = "20.0.18"

[package.dependencies]
appdirs = ">=1.4.3,<2"
distlib = ">=0.3.0,<1"
filelock = ">=3.0.0,<4"
six = ">=1.9.0,<2"

[package.dependencies.importlib-metadata]
python = "<3.8"
version = ">=0.12,<2"

[[package]]
category = "main"
description = "A linter for YAML files."
name = "yamllint"
optional = false
python-versions = ">=2.7, !=3.0.*, !=3.1.*, !=3.2.*, !=3.3.*"
version = "1.23.0"

[package.dependencies]
pathspec = ">=0.5.3"
pyyaml = "*"

[[package]]
category = "main"
description = "Backport of pathlib-compatible object wrapper for zip files"
marker = "python_version < \"3.8\""
name = "zipp"
optional = false
python-versions = ">=3.6"
version = "3.1.0"

[metadata]
content-hash = "9eff7b89a258e7d0d693c3a8d2cb7dea763a2c825feba7db2821e12b425df71f"
python-versions = "^3.7"

[metadata.hashes]
appdirs = ["9e5896d1372858f8dd3344faf4e5014d21849c756c8d5701f78f8a103b372d92", "d8b24664561d0d34ddfaec54636d502d7cea6e29c3eaf68f3df6180863e2166e"]
attrs = ["08a96c641c3a74e44eb59afb61a24f2cb9f4d7188748e76ba4bb5edfa3cb7d1c", "f7b7ce16570fe9965acd6d30101a28f62fb4a7f9e926b3bbc9b61f8b04247e72"]
aws-sam-translator = ["3ba6a821eda29ca8ea1306e27a8135256d6136f1b0b29c6cbf9a107dfd1c2dd9"]
boto3 = ["0f01cd63dbfa0d2b789f427f7c1a18cc4067580c6e2b31078d64b3bb6375a6dd", "4f7f11e7489c267f9ea0c6193bfbe20ef1a8dd639d780aea0ac61a769de722e1"]
botocore = ["ae39899dc450570968e3e128d2c8a011e5f8d4f6fd07a7d1f01df10a11ef332d", "b609e2373dccb728b34555af28fd8bd87cc57295cafa32f8a5b8044bb58b9ea8"]
cfgv = ["1ccf53320421aeeb915275a196e23b3b8ae87dea8ac6698b1638001d4a486d53", "c8e8f552ffcc6194f4e18dd4f68d9aef0c0d58ae7e7be8c82bee3c5e9edfa513"]
cfn-lint = ["d3a127e19f36cd0492c00aedec9bf2dc42911622d879755b24f6f8ed57e4902c", "d753504cb61dc4707259c27a8d0233e0cf056a142d2564cbcec5abda5a0bb96c"]
decorator = ["41fa54c2a0cc4ba648be4fd43cff00aedf5b9465c9bf18d64325bc225f08f760", "e3a62f0520172440ca0dcc823749319382e377f37f140a0b99ef45fecb84bfe7"]
distlib = ["2e166e231a26b36d6dfe35a48c4464346620f8645ed0ace01ee31822b288de21"]
docutils = ["6c4f696463b79f1fb8ba0c594b63840ebd41f059e92b31957c46b74a4599b6d0", "9e4d7ecfc600058e07ba661411a2b7de2fd0fafa17d1a7f7361cd47b1175c827", "a2aeea129088da402665e92e0b25b04b073c04b2dce4ab65caaa38b7ce2e1a99"]
filelock = ["18d82244ee114f543149c66a6e0c14e9c4f8a1044b5cdaadd0f82159d6a6ff59", "929b7d63ec5b7d6b71b0fa5ac14e030b3f70b75747cef1b10da9b879fef15836"]
identify = ["23c18d97bb50e05be1a54917ee45cc61d57cb96aedc06aabb2b02331edf0dbf0", "88ed90632023e52a6495749c6732e61e08ec9f4f04e95484a5c37b9caf40283c"]
importlib-metadata = ["2a688cbaa90e0cc587f1df48bdc97a6eadccdcd9c35fb3f976a09e3b5016d90f", "34513a8a0c4962bc66d35b359558fd8a5e10cd472d37aec5f66858addef32c1e"]
jmespath = ["695cb76fa78a10663425d5b73ddc5714eb711157e52704d69be03b1a02ba4fec", "cca55c8d153173e21baa59983015ad0daf603f9cb799904ff057bfb8ff8dc2d9"]
jsonpatch = ["cc3a7241010a1fd3f50145a3b33be2c03c1e679faa19934b628bb07d0f64819e", "ddc0f7628b8bfdd62e3cbfbc24ca6671b0b6265b50d186c2cf3659dc0f78fd6a"]
jsonpointer = ["c192ba86648e05fdae4f08a17ec25180a9aef5008d973407b581798a83975362", "ff379fa021d1b81ab539f5ec467c7745beb1a5671463f9dcc2b2d458bd361c1e"]
jsonschema = ["4e5b3cf8216f577bee9ce139cbe72eca3ea4f292ec60928ff24758ce626cd163", "c8a85b28d377cc7737e46e2d9f2b4f44ee3c0e1deac6bf46ddefc7187d30797a"]
networkx = ["cdfbf698749a5014bf2ed9db4a07a5295df1d3a53bf80bf3cbd61edf9df05fa1", "f8f4ff0b6f96e4f9b16af6b84622597b5334bf9cae8cf9b2e42e7985d5c95c64"]
nodeenv = ["5b2438f2e42af54ca968dd1b374d14a1194848955187b0e5e4be1f73813a5212"]
pathspec = ["7d91249d21749788d07a2d0f94147accd8f845507400749ea19c1ec9054a12b0", "da45173eb3a6f2a5a487efba21f050af2b41948be6ab52b6a1e3ff22bb8b7061"]
pre-commit = ["979b53dab1af35063a483bfe13b0fcbbf1a2cf8c46b60e0a9a8d08e8269647a1", "f3e85e68c6d1cbe7828d3471896f1b192cfcf1c4d83bf26e26beeb5941855257"]
pyrsistent = ["28669905fe725965daa16184933676547c5bb40a5153055a8dee2a4bd7933ad3"]
python-dateutil = ["73ebfe9dbf22e832286dafa60473e4cd239f8592f699aa5adaf10050e6e1823c", "75bb3f31ea686f1197762692a9ee6a7550b59fc6ca3a1f4b5d7e32fb98e2da2a"]
pyyaml = ["06a0d7ba600ce0b2d2fe2e78453a470b5a6e000a985dd4a4e54e436cc36b0e97", "240097ff019d7c70a4922b6869d8a86407758333f02203e0fc6ff79c5dcede76", "4f4b913ca1a7319b33cfb1369e91e50354d6f07a135f3b901aca02aa95940bd2", "69f00dca373f240f842b2931fb2c7e14ddbacd1397d57157a9b005a6a9942648", "73f099454b799e05e5ab51423c7bcf361c58d3206fa7b0d555426b1f4d9a3eaf", "74809a57b329d6cc0fdccee6318f44b9b8649961fa73144a98735b0aaf029f1f", "7739fc0fa8205b3ee8808aea45e968bc90082c10aef6ea95e855e10abf4a37b2", "95f71d2af0ff4227885f7a6605c37fd53d3a106fcab511b8860ecca9fcf400ee", "b8eac752c5e14d3eca0e6dd9199cd627518cb5ec06add0de9d32baeee6fe645d", "cc8955cfbfc7a115fa81d85284ee61147059a753344bc51098f3ccd69b0d7e0c", "d13155f591e6fcc1ec3b30685d50bf0711574e2c0dfffd7644babf8b5102ca1a"]
s3transfer = ["2482b4259524933a022d59da830f51bd746db62f047d6eb213f2f8855dcb8a13", "921a37e2aefc64145e7b73d50c71bb4f26f46e4c9f414dc648c6245ff92cf7db"]
six = ["236bdbdce46e6e6a3d61a337c0f8b763ca1e8717c03b369e87a7ec7ce1319c0a", "8f3cd2e254d8f793e7f3d6d9df77b92252b52637291d0f0da013c76ea2724b6c"]
toml = ["229f81c57791a41d65e399fc06bf0848bab550a9dfd5ed66df18ce5f05e73d5c", "235682dd292d5899d361a811df37e04a8828a5b1da3115886b73cf81ebc9100e", "f1db651f9657708513243e61e6cc67d101a39bad662eaa9b5546f789338e07a3"]
urllib3 = ["3018294ebefce6572a474f0604c2021e33b3fd8006ecd11d62107a5d2a963527", "88206b0eb87e6d677d424843ac5209e3fb9d0190d0ee169599165ec25e9d9115"]
virtualenv = ["5021396e8f03d0d002a770da90e31e61159684db2859d0ba4850fbea752aa675", "ac53ade75ca189bc97b6c1d9ec0f1a50efe33cbf178ae09452dcd9fd309013c1"]
yamllint = ["0fa69bf8a86182b7fe14918bdd3a30354c869966bbc7cbfff176af71bda9c806", "59f3ff77f44e7f46be6aecdb985830f73a1c51e290b7082a7d38c2ae1940f4a9"]
zipp = ["aa36550ff0c0b7ef7fa639055d797116ee891440eac1a56f378e2d3179e0320b", "c599e4d75c98f6798c509911d08a22e6c021d074469042177c8c86fb92eefd96"]
